{
  "name": "reactes6webpack",
  "version": "1.0.0",
  "dependencies": {
    "react": {
      "version": "15.3.0",
      "from": "https://registry.npmjs.org/react/-/react-15.3.0.tgz",
      "resolved": "https://registry.npmjs.org/react/-/react-15.3.0.tgz",
      "dependencies": {
        "fbjs": {
          "version": "0.8.3",
          "from": "https://registry.npmjs.org/fbjs/-/fbjs-0.8.3.tgz",
          "resolved": "https://registry.npmjs.org/fbjs/-/fbjs-0.8.3.tgz",
          "dependencies": {
            "core-js": {
              "version": "1.2.7",
              "from": "https://registry.npmjs.org/core-js/-/core-js-1.2.7.tgz",
              "resolved": "https://registry.npmjs.org/core-js/-/core-js-1.2.7.tgz"
            },
            "immutable": {
              "version": "3.8.1",
              "from": "https://registry.npmjs.org/immutable/-/immutable-3.8.1.tgz",
              "resolved": "https://registry.npmjs.org/immutable/-/immutable-3.8.1.tgz"
            },
            "isomorphic-fetch": {
              "version": "2.2.1",
              "from": "https://registry.npmjs.org/isomorphic-fetch/-/isomorphic-fetch-2.2.1.tgz",
              "resolved": "https://registry.npmjs.org/isomorphic-fetch/-/isomorphic-fetch-2.2.1.tgz",
              "dependencies": {
                "node-fetch": {
                  "version": "1.6.0",
                  "from": "https://registry.npmjs.org/node-fetch/-/node-fetch-1.6.0.tgz",
                  "resolved": "https://registry.npmjs.org/node-fetch/-/node-fetch-1.6.0.tgz",
                  "dependencies": {
                    "encoding": {
                      "version": "0.1.12",
                      "from": "https://registry.npmjs.org/encoding/-/encoding-0.1.12.tgz",
                      "resolved": "https://registry.npmjs.org/encoding/-/encoding-0.1.12.tgz",
                      "dependencies": {
                        "iconv-lite": {
                          "version": "0.4.13",
                          "from": "https://registry.npmjs.org/iconv-lite/-/iconv-lite-0.4.13.tgz",
                          "resolved": "https://registry.npmjs.org/iconv-lite/-/iconv-lite-0.4.13.tgz"
                        }
                      }
                    },
                    "is-stream": {
                      "version": "1.1.0",
                      "from": "https://registry.npmjs.org/is-stream/-/is-stream-1.1.0.tgz",
                      "resolved": "https://registry.npmjs.org/is-stream/-/is-stream-1.1.0.tgz"
                    }
                  }
                }
              }
            },
            "promise": {
              "version": "7.1.1",
              "from": "https://registry.npmjs.org/promise/-/promise-7.1.1.tgz",
              "resolved": "https://registry.npmjs.org/promise/-/promise-7.1.1.tgz",
              "dependencies": {
                "asap": {
                  "version": "2.0.4",
                  "from": "https://registry.npmjs.org/asap/-/asap-2.0.4.tgz",
                  "resolved": "https://registry.npmjs.org/asap/-/asap-2.0.4.tgz"
                }
              }
            },
            "ua-parser-js": {
              "version": "0.7.10",
              "from": "https://registry.npmjs.org/ua-parser-js/-/ua-parser-js-0.7.10.tgz",
              "resolved": "https://registry.npmjs.org/ua-parser-js/-/ua-parser-js-0.7.10.tgz"
            }
          }
        },
        "loose-envify": {
          "version": "1.2.0",
          "from": "https://registry.npmjs.org/loose-envify/-/loose-envify-1.2.0.tgz",
          "resolved": "https://registry.npmjs.org/loose-envify/-/loose-envify-1.2.0.tgz",
          "dependencies": {
            "js-tokens": {
              "version": "1.0.3",
              "from": "https://registry.npmjs.org/js-tokens/-/js-tokens-1.0.3.tgz",
              "resolved": "https://registry.npmjs.org/js-tokens/-/js-tokens-1.0.3.tgz"
            }
          }
        },
        "object-assign": {
          "version": "4.1.0",
          "from": "https://registry.npmjs.org/object-assign/-/object-assign-4.1.0.tgz",
          "resolved": "https://registry.npmjs.org/object-assign/-/object-assign-4.1.0.tgz"
        }
      }
    },
    "react-dom": {
      "version": "15.3.0",
      "from": "https://registry.npmjs.org/react-dom/-/react-dom-15.3.0.tgz",
      "resolved": "https://registry.npmjs.org/react-dom/-/react-dom-15.3.0.tgz"
    },
    "react-redux": {
      "version": "4.4.5",
      "from": "https://registry.npmjs.org/react-redux/-/react-redux-4.4.5.tgz",
      "resolved": "https://registry.npmjs.org/react-redux/-/react-redux-4.4.5.tgz",
      "dependencies": {
        "hoist-non-react-statics": {
          "version": "1.2.0",
          "from": "https://registry.npmjs.org/hoist-non-react-statics/-/hoist-non-react-statics-1.2.0.tgz",
          "resolved": "https://registry.npmjs.org/hoist-non-react-statics/-/hoist-non-react-statics-1.2.0.tgz"
        },
        "invariant": {
          "version": "2.2.1",
          "from": "https://registry.npmjs.org/invariant/-/invariant-2.2.1.tgz",
          "resolved": "https://registry.npmjs.org/invariant/-/invariant-2.2.1.tgz"
        },
        "lodash": {
          "version": "4.15.0",
          "from": "https://registry.npmjs.org/lodash/-/lodash-4.15.0.tgz",
          "resolved": "https://registry.npmjs.org/lodash/-/lodash-4.15.0.tgz"
        },
        "loose-envify": {
          "version": "1.2.0",
          "from": "https://registry.npmjs.org/loose-envify/-/loose-envify-1.2.0.tgz",
          "resolved": "https://registry.npmjs.org/loose-envify/-/loose-envify-1.2.0.tgz",
          "dependencies": {
            "js-tokens": {
              "version": "1.0.3",
              "from": "https://registry.npmjs.org/js-tokens/-/js-tokens-1.0.3.tgz",
              "resolved": "https://registry.npmjs.org/js-tokens/-/js-tokens-1.0.3.tgz"
            }
          }
        }
      }
    },
    "react-router": {
      "version": "2.6.1",
      "from": "https://registry.npmjs.org/react-router/-/react-router-2.6.1.tgz",
      "resolved": "https://registry.npmjs.org/react-router/-/react-router-2.6.1.tgz",
      "dependencies": {
        "history": {
          "version": "2.1.2",
          "from": "https://registry.npmjs.org/history/-/history-2.1.2.tgz",
          "resolved": "https://registry.npmjs.org/history/-/history-2.1.2.tgz",
          "dependencies": {
            "deep-equal": {
              "version": "1.0.1",
              "from": "https://registry.npmjs.org/deep-equal/-/deep-equal-1.0.1.tgz",
              "resolved": "https://registry.npmjs.org/deep-equal/-/deep-equal-1.0.1.tgz"
            },
            "query-string": {
              "version": "3.0.3",
              "from": "https://registry.npmjs.org/query-string/-/query-string-3.0.3.tgz",
              "resolved": "https://registry.npmjs.org/query-string/-/query-string-3.0.3.tgz",
              "dependencies": {
                "strict-uri-encode": {
                  "version": "1.1.0",
                  "from": "https://registry.npmjs.org/strict-uri-encode/-/strict-uri-encode-1.1.0.tgz",
                  "resolved": "https://registry.npmjs.org/strict-uri-encode/-/strict-uri-encode-1.1.0.tgz"
                }
              }
            },
            "warning": {
              "version": "2.1.0",
              "from": "https://registry.npmjs.org/warning/-/warning-2.1.0.tgz",
              "resolved": "https://registry.npmjs.org/warning/-/warning-2.1.0.tgz"
            }
          }
        },
        "hoist-non-react-statics": {
          "version": "1.2.0",
          "from": "https://registry.npmjs.org/hoist-non-react-statics/-/hoist-non-react-statics-1.2.0.tgz",
          "resolved": "https://registry.npmjs.org/hoist-non-react-statics/-/hoist-non-react-statics-1.2.0.tgz"
        },
        "invariant": {
          "version": "2.2.1",
          "from": "https://registry.npmjs.org/invariant/-/invariant-2.2.1.tgz",
          "resolved": "https://registry.npmjs.org/invariant/-/invariant-2.2.1.tgz"
        },
        "warning": {
          "version": "3.0.0",
          "from": "https://registry.npmjs.org/warning/-/warning-3.0.0.tgz",
          "resolved": "https://registry.npmjs.org/warning/-/warning-3.0.0.tgz"
        },
        "loose-envify": {
          "version": "1.2.0",
          "from": "https://registry.npmjs.org/loose-envify/-/loose-envify-1.2.0.tgz",
          "resolved": "https://registry.npmjs.org/loose-envify/-/loose-envify-1.2.0.tgz",
          "dependencies": {
            "js-tokens": {
              "version": "1.0.3",
              "from": "https://registry.npmjs.org/js-tokens/-/js-tokens-1.0.3.tgz",
              "resolved": "https://registry.npmjs.org/js-tokens/-/js-tokens-1.0.3.tgz"
            }
          }
        }
      }
    },
    "react-router-redux": {
      "version": "4.0.5",
      "from": "https://registry.npmjs.org/react-router-redux/-/react-router-redux-4.0.5.tgz",
      "resolved": "https://registry.npmjs.org/react-router-redux/-/react-router-redux-4.0.5.tgz"
    },
    "redux": {
      "version": "3.5.2",
      "from": "https://registry.npmjs.org/redux/-/redux-3.5.2.tgz",
      "resolved": "https://registry.npmjs.org/redux/-/redux-3.5.2.tgz",
      "dependencies": {
        "lodash": {
          "version": "4.15.0",
          "from": "https://registry.npmjs.org/lodash/-/lodash-4.15.0.tgz",
          "resolved": "https://registry.npmjs.org/lodash/-/lodash-4.15.0.tgz"
        },
        "lodash-es": {
          "version": "4.15.0",
          "from": "https://registry.npmjs.org/lodash-es/-/lodash-es-4.15.0.tgz",
          "resolved": "https://registry.npmjs.org/lodash-es/-/lodash-es-4.15.0.tgz"
        },
        "loose-envify": {
          "version": "1.2.0",
          "from": "https://registry.npmjs.org/loose-envify/-/loose-envify-1.2.0.tgz",
          "resolved": "https://registry.npmjs.org/loose-envify/-/loose-envify-1.2.0.tgz",
          "dependencies": {
            "js-tokens": {
              "version": "1.0.3",
              "from": "https://registry.npmjs.org/js-tokens/-/js-tokens-1.0.3.tgz",
              "resolved": "https://registry.npmjs.org/js-tokens/-/js-tokens-1.0.3.tgz"
            }
          }
        },
        "symbol-observable": {
          "version": "0.2.4",
          "from": "https://registry.npmjs.org/symbol-observable/-/symbol-observable-0.2.4.tgz",
          "resolved": "https://registry.npmjs.org/symbol-observable/-/symbol-observable-0.2.4.tgz"
        }
      }
    },
    "redux-actions": {
      "version": "0.10.1",
      "from": "redux-actions@latest",
      "resolved": "https://registry.npmjs.org/redux-actions/-/redux-actions-0.10.1.tgz",
      "dependencies": {
        "reduce-reducers": {
          "version": "0.1.2",
          "from": "reduce-reducers@>=0.1.0 <0.2.0",
          "resolved": "https://registry.npmjs.org/reduce-reducers/-/reduce-reducers-0.1.2.tgz"
        }
      }
    },
    "redux-promise": {
      "version": "0.5.3",
      "from": "redux-promise@latest",
      "resolved": "https://registry.npmjs.org/redux-promise/-/redux-promise-0.5.3.tgz",
      "dependencies": {
        "flux-standard-action": {
          "version": "0.6.1",
          "from": "flux-standard-action@>=0.6.1 <0.7.0",
          "resolved": "https://registry.npmjs.org/flux-standard-action/-/flux-standard-action-0.6.1.tgz",
          "dependencies": {
            "lodash.isplainobject": {
              "version": "3.2.0",
              "from": "lodash.isplainobject@>=3.2.0 <4.0.0",
              "resolved": "https://registry.npmjs.org/lodash.isplainobject/-/lodash.isplainobject-3.2.0.tgz",
              "dependencies": {
                "lodash._basefor": {
                  "version": "3.0.3",
                  "from": "lodash._basefor@>=3.0.0 <4.0.0",
                  "resolved": "https://registry.npmjs.org/lodash._basefor/-/lodash._basefor-3.0.3.tgz"
                },
                "lodash.isarguments": {
                  "version": "3.1.0",
                  "from": "lodash.isarguments@>=3.0.0 <4.0.0",
                  "resolved": "https://registry.npmjs.org/lodash.isarguments/-/lodash.isarguments-3.1.0.tgz"
                },
                "lodash.keysin": {
                  "version": "3.0.8",
                  "from": "lodash.keysin@>=3.0.0 <4.0.0",
                  "resolved": "https://registry.npmjs.org/lodash.keysin/-/lodash.keysin-3.0.8.tgz",
                  "dependencies": {
                    "lodash.isarray": {
                      "version": "3.0.4",
                      "from": "lodash.isarray@>=3.0.0 <4.0.0",
                      "resolved": "https://registry.npmjs.org/lodash.isarray/-/lodash.isarray-3.0.4.tgz"
                    }
                  }
                }
              }
            }
          }
        }
      }
    },
    "redux-saga": {
      "version": "0.11.0",
      "from": "redux-saga@latest",
      "resolved": "https://registry.npmjs.org/redux-saga/-/redux-saga-0.11.0.tgz"
    },
    "redux-thunk": {
      "version": "2.1.0",
      "from": "https://registry.npmjs.org/redux-thunk/-/redux-thunk-2.1.0.tgz",
      "resolved": "https://registry.npmjs.org/redux-thunk/-/redux-thunk-2.1.0.tgz"
    },
    "whatwg-fetch": {
      "version": "1.0.0",
      "from": "https://registry.npmjs.org/whatwg-fetch/-/whatwg-fetch-1.0.0.tgz",
      "resolved": "https://registry.npmjs.org/whatwg-fetch/-/whatwg-fetch-1.0.0.tgz"
    }
  }
}
